
Microsoft Visual Studio Solution File, Format Version 12.00
# Visual Studio Version 17
VisualStudioVersion = 17.0.31903.59
MinimumVisualStudioVersion = 10.0.40219.1
Project("{FAE04EC0-301F-11D3-BF4B-00C04F79EFBC}") = "PumpkinFace.Core", "src/PumpkinFace.Core/PumpkinFace.Core.csproj", "{377E8BA0-2832-4B62-AB4F-0ADAA7F09C20}"
EndProject
Project("{FAE04EC0-301F-11D3-BF4B-00C04F79EFBC}") = "PumpkinFace.Display", "src/PumpkinFace.Display/PumpkinFace.Display.csproj", "{C0F0C736-8194-485C-B629-81D6DD32E166}"
EndProject
Project("{FAE04EC0-301F-11D3-BF4B-00C04F79EFBC}") = "PumpkinFace.Core.Tests", "tests/PumpkinFace.Core.Tests/PumpkinFace.Core.Tests.csproj", "{32F0AE44-E6F5-492D-90B3-37416F688204}"
EndProject
Project("{FAE04EC0-301F-11D3-BF4B-00C04F79EFBC}") = "PumpkinFace.Display.Tests", "tests/PumpkinFace.Display.Tests/PumpkinFace.Display.Tests.csproj", "{6E879B13-0B5A-46F1-A538-E8654BF87F2B}"
EndProject
Global
  GlobalSection(SolutionConfigurationPlatforms) = preSolution
    Debug|Any CPU = Debug|Any CPU
    Release|Any CPU = Release|Any CPU
  EndGlobalSection
  GlobalSection(ProjectConfigurationPlatforms) = postSolution
    {377E8BA0-2832-4B62-AB4F-0ADAA7F09C20}.Debug|Any CPU.ActiveCfg = Debug|Any CPU
    {377E8BA0-2832-4B62-AB4F-0ADAA7F09C20}.Debug|Any CPU.Build.0 = Debug|Any CPU
    {377E8BA0-2832-4B62-AB4F-0ADAA7F09C20}.Release|Any CPU.ActiveCfg = Release|Any CPU
    {377E8BA0-2832-4B62-AB4F-0ADAA7F09C20}.Release|Any CPU.Build.0 = Release|Any CPU
    {C0F0C736-8194-485C-B629-81D6DD32E166}.Debug|Any CPU.ActiveCfg = Debug|Any CPU
    {C0F0C736-8194-485C-B629-81D6DD32E166}.Debug|Any CPU.Build.0 = Debug|Any CPU
    {C0F0C736-8194-485C-B629-81D6DD32E166}.Release|Any CPU.ActiveCfg = Release|Any CPU
    {C0F0C736-8194-485C-B629-81D6DD32E166}.Release|Any CPU.Build.0 = Release|Any CPU
    {32F0AE44-E6F5-492D-90B3-37416F688204}.Debug|Any CPU.ActiveCfg = Debug|Any CPU
    {32F0AE44-E6F5-492D-90B3-37416F688204}.Debug|Any CPU.Build.0 = Debug|Any CPU
    {32F0AE44-E6F5-492D-90B3-37416F688204}.Release|Any CPU.ActiveCfg = Release|Any CPU
    {32F0AE44-E6F5-492D-90B3-37416F688204}.Release|Any CPU.Build.0 = Release|Any CPU
    {6E879B13-0B5A-46F1-A538-E8654BF87F2B}.Debug|Any CPU.ActiveCfg = Debug|Any CPU
    {6E879B13-0B5A-46F1-A538-E8654BF87F2B}.Debug|Any CPU.Build.0 = Debug|Any CPU
    {6E879B13-0B5A-46F1-A538-E8654BF87F2B}.Release|Any CPU.ActiveCfg = Release|Any CPU
    {6E879B13-0B5A-46F1-A538-E8654BF87F2B}.Release|Any CPU.Build.0 = Release|Any CPU
  EndGlobalSection
EndGlobal
